<?xml version="1.0" encoding="utf-8"?>
<Project ToolsVersion="4.0" xmlns="http://schemas.microsoft.com/developer/msbuild/2003">
  <ItemGroup>
    <Filter Include="Source Files">
      <UniqueIdentifier>{4FC737F1-C7A5-4376-A066-2A32D752A2FF}</UniqueIdentifier>
      <Extensions>cpp;c;cc;cxx;c++;cppm;ixx;def;odl;idl;hpj;bat;asm;asmx</Extensions>
    </Filter>
    <Filter Include="Header Files">
      <UniqueIdentifier>{93995380-89BD-4b04-88EB-625FBE52EBFB}</UniqueIdentifier>
      <Extensions>h;hh;hpp;hxx;h++;hm;inl;inc;ipp;xsd</Extensions>
    </Filter>
    <Filter Include="Resource Files">
      <UniqueIdentifier>{67DA6AB6-F800-4c08-8B7A-83BB121AAD01}</UniqueIdentifier>
      <Extensions>rc;ico;cur;bmp;dlg;rc2;rct;bin;rgs;gif;jpg;jpeg;jpe;resx;tiff;tif;png;wav;mfcribbon-ms</Extensions>
    </Filter>
  </ItemGroup>
  <ItemGroup>
    <ClCompile Include="main.cpp">
      <Filter>Source Files</Filter>
    </ClCompile>
    <ClCompile Include="DukeEd.cpp">
      <Filter>Source Files</Filter>
    </ClCompile>
  </ItemGroup>
  <ItemGroup>
    <Library Include="MinHook.x86.lib">
      <Filter>Resource Files</Filter>
    </Library>
    <Library Include="uehook\dnCommon.lib">
      <Filter>Resource Files</Filter>
    </Library>
    <Library Include="uehook\engine.lib">
      <Filter>Resource Files</Filter>
    </Library>
    <Library Include="uehook\Editor.lib">
      <Filter>Resource Files</Filter>
    </Library>
  </ItemGroup>
  <ItemGroup>
    <ClInclude Include="MinHook.h">
      <Filter>Resource Files</Filter>
    </ClInclude>
    <ClInclude Include="Window.h">
      <Filter>Source Files</Filter>
    </ClInclude>
    <ClInclude Include="Unreal.h">
      <Filter>Source Files</Filter>
    </ClInclude>
    <ClInclude Include="Resource.h">
      <Filter>Header Files</Filter>
    </ClInclude>
    <ClInclude Include="inc\BottomBar.h">
      <Filter>Header Files</Filter>
    </ClInclude>
    <ClInclude Include="inc\Browser.h">
      <Filter>Header Files</Filter>
    </ClInclude>
    <ClInclude Include="inc\BrowserActor.h">
      <Filter>Header Files</Filter>
    </ClInclude>
    <ClInclude Include="inc\BrowserGroup.h">
      <Filter>Header Files</Filter>
    </ClInclude>
    <ClInclude Include="inc\BrowserMaster.h">
      <Filter>Header Files</Filter>
    </ClInclude>
    <ClInclude Include="inc\BrowserMesh.h">
      <Filter>Header Files</Filter>
    </ClInclude>
    <ClInclude Include="inc\BrowserMusic.h">
      <Filter>Header Files</Filter>
    </ClInclude>
    <ClInclude Include="inc\BrowserSound.h">
      <Filter>Header Files</Filter>
    </ClInclude>
    <ClInclude Include="inc\BrowserTexture.h">
      <Filter>Header Files</Filter>
    </ClInclude>
    <ClInclude Include="inc\BuildPropSheet.h">
      <Filter>Header Files</Filter>
    </ClInclude>
    <ClInclude Include="inc\ButtonBar.h">
      <Filter>Header Files</Filter>
    </ClInclude>
    <ClInclude Include="inc\CodeFrame.h">
      <Filter>Header Files</Filter>
    </ClInclude>
    <ClInclude Include="inc\DlgAddSpecial.h">
      <Filter>Header Files</Filter>
    </ClInclude>
    <ClInclude Include="inc\DlgBevel.h">
      <Filter>Header Files</Filter>
    </ClInclude>
    <ClInclude Include="inc\DlgBrushBuilder.h">
      <Filter>Header Files</Filter>
    </ClInclude>
    <ClInclude Include="inc\DlgBrushImport.h">
      <Filter>Header Files</Filter>
    </ClInclude>
    <ClInclude Include="inc\DlgBuildOptions.h">
      <Filter>Header Files</Filter>
    </ClInclude>
    <ClInclude Include="inc\DlgDepth.h">
      <Filter>Header Files</Filter>
    </ClInclude>
    <ClInclude Include="inc\DlgGeneric.h">
      <Filter>Header Files</Filter>
    </ClInclude>
    <ClInclude Include="inc\DlgMapError.h">
      <Filter>Header Files</Filter>
    </ClInclude>
    <ClInclude Include="inc\DlgMapImport.h">
      <Filter>Header Files</Filter>
    </ClInclude>
    <ClInclude Include="inc\DlgProgress.h">
      <Filter>Header Files</Filter>
    </ClInclude>
    <ClInclude Include="inc\DlgRename.h">
      <Filter>Header Files</Filter>
    </ClInclude>
    <ClInclude Include="inc\DlgScaleLights.h">
      <Filter>Header Files</Filter>
    </ClInclude>
    <ClInclude Include="inc\DlgSearchActors.h">
      <Filter>Header Files</Filter>
    </ClInclude>
    <ClInclude Include="inc\DlgTexProp.h">
      <Filter>Header Files</Filter>
    </ClInclude>
    <ClInclude Include="inc\DlgTexReplace.h">
      <Filter>Header Files</Filter>
    </ClInclude>
    <ClInclude Include="inc\DlgTexUsage.h">
      <Filter>Header Files</Filter>
    </ClInclude>
    <ClInclude Include="inc\DlgViewportConfig.h">
      <Filter>Header Files</Filter>
    </ClInclude>
    <ClInclude Include="inc\Extern.h">
      <Filter>Header Files</Filter>
    </ClInclude>
    <ClInclude Include="inc\GenericDlgOptions.h">
      <Filter>Header Files</Filter>
    </ClInclude>
    <ClInclude Include="inc\MRUList.h">
      <Filter>Header Files</Filter>
    </ClInclude>
    <ClInclude Include="inc\SurfacePropSheet.h">
      <Filter>Header Files</Filter>
    </ClInclude>
    <ClInclude Include="inc\TerrainEditSheet.h">
      <Filter>Header Files</Filter>
    </ClInclude>
    <ClInclude Include="inc\TopBar.h">
      <Filter>Header Files</Filter>
    </ClInclude>
    <ClInclude Include="inc\TwoDeeShapeEditor.h">
      <Filter>Header Files</Filter>
    </ClInclude>
    <ClInclude Include="inc\ViewportFrame.h">
      <Filter>Header Files</Filter>
    </ClInclude>
    <ClInclude Include="engine_resource.h">
      <Filter>Source Files</Filter>
    </ClInclude>
    <ClInclude Include="uncamera.h">
      <Filter>Source Files</Filter>
    </ClInclude>
    <ClInclude Include="windrv.h">
      <Filter>Source Files</Filter>
    </ClInclude>
    <ClInclude Include="midclient.h">
      <Filter>Source Files</Filter>
    </ClInclude>
    <ClInclude Include="levelframe.h">
      <Filter>Source Files</Filter>
    </ClInclude>
    <ClInclude Include="dockingframe.h">
      <Filter>Source Files</Filter>
    </ClInclude>
    <ClInclude Include="unmsg.h">
      <Filter>Source Files</Filter>
    </ClInclude>
    <ClInclude Include="windowres.h">
      <Filter>Source Files</Filter>
    </ClInclude>
  </ItemGroup>
</Project>