
Microsoft Visual Studio Solution File, Format Version 12.00
# Visual Studio Version 17
VisualStudioVersion = 17.2.32526.322
MinimumVisualStudioVersion = 10.0.40219.1
Project("{8BC9CEB8-8B4A-11D0-8D11-00A0C91BC942}") = "dukeed", "dukeed.vcxproj", "{4DFD6ECD-B8D4-4D25-B276-BBFFBD22EE9A}"
	ProjectSection(ProjectDependencies) = postProject
		{4F503960-AE73-4987-B45E-06FD860B0A4B} = {4F503960-AE73-4987-B45E-06FD860B0A4B}
	EndProjectSection
EndProject
Project("{FAE04EC0-301F-11D3-BF4B-00C04F79EFBC}") = "DukeEdSharp", "..\DukeEdSharp\DukeEdSharp.csproj", "{80ED10B2-2E57-4080-8261-3A77709F8E33}"
EndProject
Project("{2150E333-8FDC-42A3-9474-1A3956D46DE8}") = "Tools", "Tools", "{4DB4C61A-61E7-4343-A08E-C02516DCCED5}"
EndProject
Project("{FAE04EC0-301F-11D3-BF4B-00C04F79EFBC}") = "Eliot.UELib", "..\Tools\UnrealscriptDecompiler\Eliot.UELib.csproj", "{7E45273F-434F-42FA-8269-0E760AEB41E1}"
EndProject
Project("{FAE04EC0-301F-11D3-BF4B-00C04F79EFBC}") = "Eliot.UELib.CLI", "..\Tools\CLI\Eliot.UELib.CLI.csproj", "{01B07425-0B35-4DAB-9555-D61261A0F161}"
EndProject
Project("{8BC9CEB8-8B4A-11D0-8D11-00A0C91BC942}") = "dnModIce", "..\dnModIce\Src\dnModIce.vcxproj", "{4F503960-AE73-4987-B45E-06FD860B0A4B}"
EndProject
Global
	GlobalSection(SolutionConfigurationPlatforms) = preSolution
		Debug|Any CPU = Debug|Any CPU
		Debug|x64 = Debug|x64
		Debug|x86 = Debug|x86
		DecompileDebug|Any CPU = DecompileDebug|Any CPU
		DecompileDebug|x64 = DecompileDebug|x64
		DecompileDebug|x86 = DecompileDebug|x86
		Publish|Any CPU = Publish|Any CPU
		Publish|x64 = Publish|x64
		Publish|x86 = Publish|x86
		Release|Any CPU = Release|Any CPU
		Release|x64 = Release|x64
		Release|x86 = Release|x86
		UnitTest|Any CPU = UnitTest|Any CPU
		UnitTest|x64 = UnitTest|x64
		UnitTest|x86 = UnitTest|x86
	EndGlobalSection
	GlobalSection(ProjectConfigurationPlatforms) = postSolution
		{4DFD6ECD-B8D4-4D25-B276-BBFFBD22EE9A}.Debug|Any CPU.ActiveCfg = Debug|x64
		{4DFD6ECD-B8D4-4D25-B276-BBFFBD22EE9A}.Debug|Any CPU.Build.0 = Debug|x64
		{4DFD6ECD-B8D4-4D25-B276-BBFFBD22EE9A}.Debug|x64.ActiveCfg = Debug|x64
		{4DFD6ECD-B8D4-4D25-B276-BBFFBD22EE9A}.Debug|x64.Build.0 = Debug|x64
		{4DFD6ECD-B8D4-4D25-B276-BBFFBD22EE9A}.Debug|x86.ActiveCfg = Debug|Win32
		{4DFD6ECD-B8D4-4D25-B276-BBFFBD22EE9A}.Debug|x86.Build.0 = Debug|Win32
		{4DFD6ECD-B8D4-4D25-B276-BBFFBD22EE9A}.DecompileDebug|Any CPU.ActiveCfg = Debug|x64
		{4DFD6ECD-B8D4-4D25-B276-BBFFBD22EE9A}.DecompileDebug|Any CPU.Build.0 = Debug|x64
		{4DFD6ECD-B8D4-4D25-B276-BBFFBD22EE9A}.DecompileDebug|x64.ActiveCfg = Debug|x64
		{4DFD6ECD-B8D4-4D25-B276-BBFFBD22EE9A}.DecompileDebug|x64.Build.0 = Debug|x64
		{4DFD6ECD-B8D4-4D25-B276-BBFFBD22EE9A}.DecompileDebug|x86.ActiveCfg = Debug|Win32
		{4DFD6ECD-B8D4-4D25-B276-BBFFBD22EE9A}.DecompileDebug|x86.Build.0 = Debug|Win32
		{4DFD6ECD-B8D4-4D25-B276-BBFFBD22EE9A}.Publish|Any CPU.ActiveCfg = Release|x64
		{4DFD6ECD-B8D4-4D25-B276-BBFFBD22EE9A}.Publish|Any CPU.Build.0 = Release|x64
		{4DFD6ECD-B8D4-4D25-B276-BBFFBD22EE9A}.Publish|x64.ActiveCfg = Release|x64
		{4DFD6ECD-B8D4-4D25-B276-BBFFBD22EE9A}.Publish|x64.Build.0 = Release|x64
		{4DFD6ECD-B8D4-4D25-B276-BBFFBD22EE9A}.Publish|x86.ActiveCfg = Release|Win32
		{4DFD6ECD-B8D4-4D25-B276-BBFFBD22EE9A}.Publish|x86.Build.0 = Release|Win32
		{4DFD6ECD-B8D4-4D25-B276-BBFFBD22EE9A}.Release|Any CPU.ActiveCfg = Release|x64
		{4DFD6ECD-B8D4-4D25-B276-BBFFBD22EE9A}.Release|Any CPU.Build.0 = Release|x64
		{4DFD6ECD-B8D4-4D25-B276-BBFFBD22EE9A}.Release|x64.ActiveCfg = Release|x64
		{4DFD6ECD-B8D4-4D25-B276-BBFFBD22EE9A}.Release|x64.Build.0 = Release|x64
		{4DFD6ECD-B8D4-4D25-B276-BBFFBD22EE9A}.Release|x86.ActiveCfg = Release|Win32
		{4DFD6ECD-B8D4-4D25-B276-BBFFBD22EE9A}.Release|x86.Build.0 = Release|Win32
		{4DFD6ECD-B8D4-4D25-B276-BBFFBD22EE9A}.UnitTest|Any CPU.ActiveCfg = Release|x64
		{4DFD6ECD-B8D4-4D25-B276-BBFFBD22EE9A}.UnitTest|Any CPU.Build.0 = Release|x64
		{4DFD6ECD-B8D4-4D25-B276-BBFFBD22EE9A}.UnitTest|x64.ActiveCfg = Release|x64
		{4DFD6ECD-B8D4-4D25-B276-BBFFBD22EE9A}.UnitTest|x64.Build.0 = Release|x64
		{4DFD6ECD-B8D4-4D25-B276-BBFFBD22EE9A}.UnitTest|x86.ActiveCfg = Release|Win32
		{4DFD6ECD-B8D4-4D25-B276-BBFFBD22EE9A}.UnitTest|x86.Build.0 = Release|Win32
		{80ED10B2-2E57-4080-8261-3A77709F8E33}.Debug|Any CPU.ActiveCfg = Debug|x86
		{80ED10B2-2E57-4080-8261-3A77709F8E33}.Debug|Any CPU.Build.0 = Debug|x86
		{80ED10B2-2E57-4080-8261-3A77709F8E33}.Debug|x64.ActiveCfg = Debug|x86
		{80ED10B2-2E57-4080-8261-3A77709F8E33}.Debug|x64.Build.0 = Debug|x86
		{80ED10B2-2E57-4080-8261-3A77709F8E33}.Debug|x86.ActiveCfg = Debug|x86
		{80ED10B2-2E57-4080-8261-3A77709F8E33}.Debug|x86.Build.0 = Debug|x86
		{80ED10B2-2E57-4080-8261-3A77709F8E33}.DecompileDebug|Any CPU.ActiveCfg = Debug|x86
		{80ED10B2-2E57-4080-8261-3A77709F8E33}.DecompileDebug|Any CPU.Build.0 = Debug|x86
		{80ED10B2-2E57-4080-8261-3A77709F8E33}.DecompileDebug|x64.ActiveCfg = Debug|x86
		{80ED10B2-2E57-4080-8261-3A77709F8E33}.DecompileDebug|x64.Build.0 = Debug|x86
		{80ED10B2-2E57-4080-8261-3A77709F8E33}.DecompileDebug|x86.ActiveCfg = Debug|x86
		{80ED10B2-2E57-4080-8261-3A77709F8E33}.DecompileDebug|x86.Build.0 = Debug|x86
		{80ED10B2-2E57-4080-8261-3A77709F8E33}.Publish|Any CPU.ActiveCfg = Release|x86
		{80ED10B2-2E57-4080-8261-3A77709F8E33}.Publish|Any CPU.Build.0 = Release|x86
		{80ED10B2-2E57-4080-8261-3A77709F8E33}.Publish|x64.ActiveCfg = Release|x86
		{80ED10B2-2E57-4080-8261-3A77709F8E33}.Publish|x64.Build.0 = Release|x86
		{80ED10B2-2E57-4080-8261-3A77709F8E33}.Publish|x86.ActiveCfg = Release|x86
		{80ED10B2-2E57-4080-8261-3A77709F8E33}.Publish|x86.Build.0 = Release|x86
		{80ED10B2-2E57-4080-8261-3A77709F8E33}.Release|Any CPU.ActiveCfg = Release|x86
		{80ED10B2-2E57-4080-8261-3A77709F8E33}.Release|Any CPU.Build.0 = Release|x86
		{80ED10B2-2E57-4080-8261-3A77709F8E33}.Release|x64.ActiveCfg = Release|x86
		{80ED10B2-2E57-4080-8261-3A77709F8E33}.Release|x64.Build.0 = Release|x86
		{80ED10B2-2E57-4080-8261-3A77709F8E33}.Release|x86.ActiveCfg = Release|x86
		{80ED10B2-2E57-4080-8261-3A77709F8E33}.Release|x86.Build.0 = Release|x86
		{80ED10B2-2E57-4080-8261-3A77709F8E33}.UnitTest|Any CPU.ActiveCfg = Release|x86
		{80ED10B2-2E57-4080-8261-3A77709F8E33}.UnitTest|Any CPU.Build.0 = Release|x86
		{80ED10B2-2E57-4080-8261-3A77709F8E33}.UnitTest|x64.ActiveCfg = Release|x86
		{80ED10B2-2E57-4080-8261-3A77709F8E33}.UnitTest|x64.Build.0 = Release|x86
		{80ED10B2-2E57-4080-8261-3A77709F8E33}.UnitTest|x86.ActiveCfg = Release|x86
		{80ED10B2-2E57-4080-8261-3A77709F8E33}.UnitTest|x86.Build.0 = Release|x86
		{7E45273F-434F-42FA-8269-0E760AEB41E1}.Debug|Any CPU.ActiveCfg = Debug|Any CPU
		{7E45273F-434F-42FA-8269-0E760AEB41E1}.Debug|Any CPU.Build.0 = Debug|Any CPU
		{7E45273F-434F-42FA-8269-0E760AEB41E1}.Debug|x64.ActiveCfg = Debug|Any CPU
		{7E45273F-434F-42FA-8269-0E760AEB41E1}.Debug|x64.Build.0 = Debug|Any CPU
		{7E45273F-434F-42FA-8269-0E760AEB41E1}.Debug|x86.ActiveCfg = Debug|Any CPU
		{7E45273F-434F-42FA-8269-0E760AEB41E1}.Debug|x86.Build.0 = Debug|Any CPU
		{7E45273F-434F-42FA-8269-0E760AEB41E1}.DecompileDebug|Any CPU.ActiveCfg = DecompileDebug|Any CPU
		{7E45273F-434F-42FA-8269-0E760AEB41E1}.DecompileDebug|Any CPU.Build.0 = DecompileDebug|Any CPU
		{7E45273F-434F-42FA-8269-0E760AEB41E1}.DecompileDebug|x64.ActiveCfg = DecompileDebug|Any CPU
		{7E45273F-434F-42FA-8269-0E760AEB41E1}.DecompileDebug|x64.Build.0 = DecompileDebug|Any CPU
		{7E45273F-434F-42FA-8269-0E760AEB41E1}.DecompileDebug|x86.ActiveCfg = DecompileDebug|Any CPU
		{7E45273F-434F-42FA-8269-0E760AEB41E1}.DecompileDebug|x86.Build.0 = DecompileDebug|Any CPU
		{7E45273F-434F-42FA-8269-0E760AEB41E1}.Publish|Any CPU.ActiveCfg = Publish|Any CPU
		{7E45273F-434F-42FA-8269-0E760AEB41E1}.Publish|Any CPU.Build.0 = Publish|Any CPU
		{7E45273F-434F-42FA-8269-0E760AEB41E1}.Publish|x64.ActiveCfg = Publish|Any CPU
		{7E45273F-434F-42FA-8269-0E760AEB41E1}.Publish|x64.Build.0 = Publish|Any CPU
		{7E45273F-434F-42FA-8269-0E760AEB41E1}.Publish|x86.ActiveCfg = Publish|Any CPU
		{7E45273F-434F-42FA-8269-0E760AEB41E1}.Publish|x86.Build.0 = Publish|Any CPU
		{7E45273F-434F-42FA-8269-0E760AEB41E1}.Release|Any CPU.ActiveCfg = Release|Any CPU
		{7E45273F-434F-42FA-8269-0E760AEB41E1}.Release|Any CPU.Build.0 = Release|Any CPU
		{7E45273F-434F-42FA-8269-0E760AEB41E1}.Release|x64.ActiveCfg = Release|Any CPU
		{7E45273F-434F-42FA-8269-0E760AEB41E1}.Release|x64.Build.0 = Release|Any CPU
		{7E45273F-434F-42FA-8269-0E760AEB41E1}.Release|x86.ActiveCfg = Release|Any CPU
		{7E45273F-434F-42FA-8269-0E760AEB41E1}.Release|x86.Build.0 = Release|Any CPU
		{7E45273F-434F-42FA-8269-0E760AEB41E1}.UnitTest|Any CPU.ActiveCfg = UnitTest|Any CPU
		{7E45273F-434F-42FA-8269-0E760AEB41E1}.UnitTest|Any CPU.Build.0 = UnitTest|Any CPU
		{7E45273F-434F-42FA-8269-0E760AEB41E1}.UnitTest|x64.ActiveCfg = UnitTest|Any CPU
		{7E45273F-434F-42FA-8269-0E760AEB41E1}.UnitTest|x64.Build.0 = UnitTest|Any CPU
		{7E45273F-434F-42FA-8269-0E760AEB41E1}.UnitTest|x86.ActiveCfg = UnitTest|Any CPU
		{7E45273F-434F-42FA-8269-0E760AEB41E1}.UnitTest|x86.Build.0 = UnitTest|Any CPU
		{01B07425-0B35-4DAB-9555-D61261A0F161}.Debug|Any CPU.ActiveCfg = Debug|Any CPU
		{01B07425-0B35-4DAB-9555-D61261A0F161}.Debug|Any CPU.Build.0 = Debug|Any CPU
		{01B07425-0B35-4DAB-9555-D61261A0F161}.Debug|x64.ActiveCfg = Debug|Any CPU
		{01B07425-0B35-4DAB-9555-D61261A0F161}.Debug|x64.Build.0 = Debug|Any CPU
		{01B07425-0B35-4DAB-9555-D61261A0F161}.Debug|x86.ActiveCfg = Debug|Any CPU
		{01B07425-0B35-4DAB-9555-D61261A0F161}.Debug|x86.Build.0 = Debug|Any CPU
		{01B07425-0B35-4DAB-9555-D61261A0F161}.DecompileDebug|Any CPU.ActiveCfg = Debug|Any CPU
		{01B07425-0B35-4DAB-9555-D61261A0F161}.DecompileDebug|Any CPU.Build.0 = Debug|Any CPU
		{01B07425-0B35-4DAB-9555-D61261A0F161}.DecompileDebug|x64.ActiveCfg = Debug|Any CPU
		{01B07425-0B35-4DAB-9555-D61261A0F161}.DecompileDebug|x64.Build.0 = Debug|Any CPU
		{01B07425-0B35-4DAB-9555-D61261A0F161}.DecompileDebug|x86.ActiveCfg = Debug|Any CPU
		{01B07425-0B35-4DAB-9555-D61261A0F161}.DecompileDebug|x86.Build.0 = Debug|Any CPU
		{01B07425-0B35-4DAB-9555-D61261A0F161}.Publish|Any CPU.ActiveCfg = Debug|Any CPU
		{01B07425-0B35-4DAB-9555-D61261A0F161}.Publish|Any CPU.Build.0 = Debug|Any CPU
		{01B07425-0B35-4DAB-9555-D61261A0F161}.Publish|x64.ActiveCfg = Debug|Any CPU
		{01B07425-0B35-4DAB-9555-D61261A0F161}.Publish|x64.Build.0 = Debug|Any CPU
		{01B07425-0B35-4DAB-9555-D61261A0F161}.Publish|x86.ActiveCfg = Debug|Any CPU
		{01B07425-0B35-4DAB-9555-D61261A0F161}.Publish|x86.Build.0 = Debug|Any CPU
		{01B07425-0B35-4DAB-9555-D61261A0F161}.Release|Any CPU.ActiveCfg = Release|Any CPU
		{01B07425-0B35-4DAB-9555-D61261A0F161}.Release|Any CPU.Build.0 = Release|Any CPU
		{01B07425-0B35-4DAB-9555-D61261A0F161}.Release|x64.ActiveCfg = Release|Any CPU
		{01B07425-0B35-4DAB-9555-D61261A0F161}.Release|x64.Build.0 = Release|Any CPU
		{01B07425-0B35-4DAB-9555-D61261A0F161}.Release|x86.ActiveCfg = Release|Any CPU
		{01B07425-0B35-4DAB-9555-D61261A0F161}.Release|x86.Build.0 = Release|Any CPU
		{01B07425-0B35-4DAB-9555-D61261A0F161}.UnitTest|Any CPU.ActiveCfg = UnitTest|Any CPU
		{01B07425-0B35-4DAB-9555-D61261A0F161}.UnitTest|Any CPU.Build.0 = UnitTest|Any CPU
		{01B07425-0B35-4DAB-9555-D61261A0F161}.UnitTest|x64.ActiveCfg = UnitTest|Any CPU
		{01B07425-0B35-4DAB-9555-D61261A0F161}.UnitTest|x64.Build.0 = UnitTest|Any CPU
		{01B07425-0B35-4DAB-9555-D61261A0F161}.UnitTest|x86.ActiveCfg = UnitTest|Any CPU
		{01B07425-0B35-4DAB-9555-D61261A0F161}.UnitTest|x86.Build.0 = UnitTest|Any CPU
		{4F503960-AE73-4987-B45E-06FD860B0A4B}.Debug|Any CPU.ActiveCfg = Debug|x64
		{4F503960-AE73-4987-B45E-06FD860B0A4B}.Debug|Any CPU.Build.0 = Debug|x64
		{4F503960-AE73-4987-B45E-06FD860B0A4B}.Debug|x64.ActiveCfg = Debug|x64
		{4F503960-AE73-4987-B45E-06FD860B0A4B}.Debug|x64.Build.0 = Debug|x64
		{4F503960-AE73-4987-B45E-06FD860B0A4B}.Debug|x86.ActiveCfg = Debug|Win32
		{4F503960-AE73-4987-B45E-06FD860B0A4B}.Debug|x86.Build.0 = Debug|Win32
		{4F503960-AE73-4987-B45E-06FD860B0A4B}.DecompileDebug|Any CPU.ActiveCfg = Debug|x64
		{4F503960-AE73-4987-B45E-06FD860B0A4B}.DecompileDebug|Any CPU.Build.0 = Debug|x64
		{4F503960-AE73-4987-B45E-06FD860B0A4B}.DecompileDebug|x64.ActiveCfg = Debug|x64
		{4F503960-AE73-4987-B45E-06FD860B0A4B}.DecompileDebug|x64.Build.0 = Debug|x64
		{4F503960-AE73-4987-B45E-06FD860B0A4B}.DecompileDebug|x86.ActiveCfg = Debug|Win32
		{4F503960-AE73-4987-B45E-06FD860B0A4B}.DecompileDebug|x86.Build.0 = Debug|Win32
		{4F503960-AE73-4987-B45E-06FD860B0A4B}.Publish|Any CPU.ActiveCfg = Debug|x64
		{4F503960-AE73-4987-B45E-06FD860B0A4B}.Publish|Any CPU.Build.0 = Debug|x64
		{4F503960-AE73-4987-B45E-06FD860B0A4B}.Publish|x64.ActiveCfg = Debug|x64
		{4F503960-AE73-4987-B45E-06FD860B0A4B}.Publish|x64.Build.0 = Debug|x64
		{4F503960-AE73-4987-B45E-06FD860B0A4B}.Publish|x86.ActiveCfg = Debug|Win32
		{4F503960-AE73-4987-B45E-06FD860B0A4B}.Publish|x86.Build.0 = Debug|Win32
		{4F503960-AE73-4987-B45E-06FD860B0A4B}.Release|Any CPU.ActiveCfg = Release|x64
		{4F503960-AE73-4987-B45E-06FD860B0A4B}.Release|Any CPU.Build.0 = Release|x64
		{4F503960-AE73-4987-B45E-06FD860B0A4B}.Release|x64.ActiveCfg = Release|x64
		{4F503960-AE73-4987-B45E-06FD860B0A4B}.Release|x64.Build.0 = Release|x64
		{4F503960-AE73-4987-B45E-06FD860B0A4B}.Release|x86.ActiveCfg = Release|Win32
		{4F503960-AE73-4987-B45E-06FD860B0A4B}.Release|x86.Build.0 = Release|Win32
		{4F503960-AE73-4987-B45E-06FD860B0A4B}.UnitTest|Any CPU.ActiveCfg = Debug|x64
		{4F503960-AE73-4987-B45E-06FD860B0A4B}.UnitTest|Any CPU.Build.0 = Debug|x64
		{4F503960-AE73-4987-B45E-06FD860B0A4B}.UnitTest|x64.ActiveCfg = Debug|x64
		{4F503960-AE73-4987-B45E-06FD860B0A4B}.UnitTest|x64.Build.0 = Debug|x64
		{4F503960-AE73-4987-B45E-06FD860B0A4B}.UnitTest|x86.ActiveCfg = Debug|Win32
		{4F503960-AE73-4987-B45E-06FD860B0A4B}.UnitTest|x86.Build.0 = Debug|Win32
	EndGlobalSection
	GlobalSection(SolutionProperties) = preSolution
		HideSolutionNode = FALSE
	EndGlobalSection
	GlobalSection(NestedProjects) = preSolution
		{7E45273F-434F-42FA-8269-0E760AEB41E1} = {4DB4C61A-61E7-4343-A08E-C02516DCCED5}
		{01B07425-0B35-4DAB-9555-D61261A0F161} = {4DB4C61A-61E7-4343-A08E-C02516DCCED5}
	EndGlobalSection
	GlobalSection(ExtensibilityGlobals) = postSolution
		SolutionGuid = {83B21830-4725-4C4F-8CF2-C4B41BA6E08F}
	EndGlobalSection
EndGlobal
